
Microsoft Visual Studio Solution File, Format Version 12.00
# Visual Studio Version 17
VisualStudioVersion = 17.2.32616.157
MinimumVisualStudioVersion = 10.0.40219.1
Project("{9A19103F-16F7-4668-BE54-9A1E7A4F7556}") = "CalamityCN", "CalamityCN.csproj", "{9EBAE8A6-BFD3-4E47-9177-DBAA81C75987}"
EndProject
Global
	GlobalSection(SolutionConfigurationPlatforms) = preSolution
		Debug|Any CPU = Debug|Any CPU
		Release|Any CPU = Release|Any CPU
	EndGlobalSection
	GlobalSection(ProjectConfigurationPlatforms) = postSolution
		{9EBAE8A6-BFD3-4E47-9177-DBAA81C75987}.Debug|Any CPU.ActiveCfg = Debug|Any CPU
		{9EBAE8A6-BFD3-4E47-9177-DBAA81C75987}.Debug|Any CPU.Build.0 = Debug|Any CPU
		{9EBAE8A6-BFD3-4E47-9177-DBAA81C75987}.Release|Any CPU.ActiveCfg = Release|Any CPU
		{9EBAE8A6-BFD3-4E47-9177-DBAA81C75987}.Release|Any CPU.Build.0 = Release|Any CPU
	EndGlobalSection
	GlobalSection(SolutionProperties) = preSolution
		HideSolutionNode = FALSE
	EndGlobalSection
	GlobalSection(ExtensibilityGlobals) = postSolution
		SolutionGuid = {9EBD195C-9B73-4831-BA68-5A1B7B981E41}
	EndGlobalSection
EndGlobal
